
Microsoft Visual Studio Solution File, Format Version 12.00
# Visual Studio Version 16
VisualStudioVersion = 16.0.30320.27
MinimumVisualStudioVersion = 10.0.40219.1
Project("{9A19103F-16F7-4668-BE54-9A1E7A4F7556}") = "intellectus-desktop-client", "intellectus-desktop-client\intellectus-desktop-client.csproj", "{65E0B9F5-3F37-402F-9A7A-9C9FFF0A56F2}"
EndProject
Project("{9A19103F-16F7-4668-BE54-9A1E7A4F7556}") = "intellectus-sound-recorder", "intellectus-sound-recorder\intellectus-sound-recorder.csproj", "{143818A5-41BD-4817-A6BD-F480F933CBE8}"
EndProject
Project("{9A19103F-16F7-4668-BE54-9A1E7A4F7556}") = "intellectus-desktop-unit-tests", "intellectus-desktop-unit-tests\intellectus-desktop-unit-tests.csproj", "{F077900D-4D33-4608-ADFC-762323EF19FF}"
EndProject
Global
	GlobalSection(SolutionConfigurationPlatforms) = preSolution
		Debug|Any CPU = Debug|Any CPU
		Debug|x64 = Debug|x64
		Debug|x86 = Debug|x86
		Release|Any CPU = Release|Any CPU
		Release|x64 = Release|x64
		Release|x86 = Release|x86
	EndGlobalSection
	GlobalSection(ProjectConfigurationPlatforms) = postSolution
		{65E0B9F5-3F37-402F-9A7A-9C9FFF0A56F2}.Debug|Any CPU.ActiveCfg = Debug|Any CPU
		{65E0B9F5-3F37-402F-9A7A-9C9FFF0A56F2}.Debug|Any CPU.Build.0 = Debug|Any CPU
		{65E0B9F5-3F37-402F-9A7A-9C9FFF0A56F2}.Debug|x64.ActiveCfg = Debug|x64
		{65E0B9F5-3F37-402F-9A7A-9C9FFF0A56F2}.Debug|x64.Build.0 = Debug|x64
		{65E0B9F5-3F37-402F-9A7A-9C9FFF0A56F2}.Debug|x86.ActiveCfg = Debug|x86
		{65E0B9F5-3F37-402F-9A7A-9C9FFF0A56F2}.Debug|x86.Build.0 = Debug|x86
		{65E0B9F5-3F37-402F-9A7A-9C9FFF0A56F2}.Release|Any CPU.ActiveCfg = Release|Any CPU
		{65E0B9F5-3F37-402F-9A7A-9C9FFF0A56F2}.Release|Any CPU.Build.0 = Release|Any CPU
		{65E0B9F5-3F37-402F-9A7A-9C9FFF0A56F2}.Release|x64.ActiveCfg = Release|x64
		{65E0B9F5-3F37-402F-9A7A-9C9FFF0A56F2}.Release|x64.Build.0 = Release|x64
		{65E0B9F5-3F37-402F-9A7A-9C9FFF0A56F2}.Release|x86.ActiveCfg = Release|x86
		{65E0B9F5-3F37-402F-9A7A-9C9FFF0A56F2}.Release|x86.Build.0 = Release|x86
		{143818A5-41BD-4817-A6BD-F480F933CBE8}.Debug|Any CPU.ActiveCfg = Debug|Any CPU
		{143818A5-41BD-4817-A6BD-F480F933CBE8}.Debug|Any CPU.Build.0 = Debug|Any CPU
		{143818A5-41BD-4817-A6BD-F480F933CBE8}.Debug|x64.ActiveCfg = Debug|x64
		{143818A5-41BD-4817-A6BD-F480F933CBE8}.Debug|x64.Build.0 = Debug|x64
		{143818A5-41BD-4817-A6BD-F480F933CBE8}.Debug|x86.ActiveCfg = Debug|x86
		{143818A5-41BD-4817-A6BD-F480F933CBE8}.Debug|x86.Build.0 = Debug|x86
		{143818A5-41BD-4817-A6BD-F480F933CBE8}.Release|Any CPU.ActiveCfg = Release|Any CPU
		{143818A5-41BD-4817-A6BD-F480F933CBE8}.Release|Any CPU.Build.0 = Release|Any CPU
		{143818A5-41BD-4817-A6BD-F480F933CBE8}.Release|x64.ActiveCfg = Release|x64
		{143818A5-41BD-4817-A6BD-F480F933CBE8}.Release|x64.Build.0 = Release|x64
		{143818A5-41BD-4817-A6BD-F480F933CBE8}.Release|x86.ActiveCfg = Release|x86
		{143818A5-41BD-4817-A6BD-F480F933CBE8}.Release|x86.Build.0 = Release|x86
		{F077900D-4D33-4608-ADFC-762323EF19FF}.Debug|Any CPU.ActiveCfg = Debug|Any CPU
		{F077900D-4D33-4608-ADFC-762323EF19FF}.Debug|Any CPU.Build.0 = Debug|Any CPU
		{F077900D-4D33-4608-ADFC-762323EF19FF}.Debug|x64.ActiveCfg = Debug|x64
		{F077900D-4D33-4608-ADFC-762323EF19FF}.Debug|x64.Build.0 = Debug|x64
		{F077900D-4D33-4608-ADFC-762323EF19FF}.Debug|x86.ActiveCfg = Debug|x86
		{F077900D-4D33-4608-ADFC-762323EF19FF}.Debug|x86.Build.0 = Debug|x86
		{F077900D-4D33-4608-ADFC-762323EF19FF}.Release|Any CPU.ActiveCfg = Release|Any CPU
		{F077900D-4D33-4608-ADFC-762323EF19FF}.Release|Any CPU.Build.0 = Release|Any CPU
		{F077900D-4D33-4608-ADFC-762323EF19FF}.Release|x64.ActiveCfg = Release|x64
		{F077900D-4D33-4608-ADFC-762323EF19FF}.Release|x64.Build.0 = Release|x64
		{F077900D-4D33-4608-ADFC-762323EF19FF}.Release|x86.ActiveCfg = Release|x86
		{F077900D-4D33-4608-ADFC-762323EF19FF}.Release|x86.Build.0 = Release|x86
		{6E3AA0A1-E029-4F88-B5E2-0A72F8CB0AEF}.Debug|Any CPU.ActiveCfg = Debug|Any CPU
		{6E3AA0A1-E029-4F88-B5E2-0A72F8CB0AEF}.Debug|Any CPU.Build.0 = Debug|Any CPU
		{6E3AA0A1-E029-4F88-B5E2-0A72F8CB0AEF}.Debug|x64.ActiveCfg = Debug|x64
		{6E3AA0A1-E029-4F88-B5E2-0A72F8CB0AEF}.Debug|x64.Build.0 = Debug|x64
		{6E3AA0A1-E029-4F88-B5E2-0A72F8CB0AEF}.Debug|x86.ActiveCfg = Debug|x86
		{6E3AA0A1-E029-4F88-B5E2-0A72F8CB0AEF}.Debug|x86.Build.0 = Debug|x86
		{6E3AA0A1-E029-4F88-B5E2-0A72F8CB0AEF}.Release|Any CPU.ActiveCfg = Release|Any CPU
		{6E3AA0A1-E029-4F88-B5E2-0A72F8CB0AEF}.Release|Any CPU.Build.0 = Release|Any CPU
		{6E3AA0A1-E029-4F88-B5E2-0A72F8CB0AEF}.Release|x64.ActiveCfg = Release|x64
		{6E3AA0A1-E029-4F88-B5E2-0A72F8CB0AEF}.Release|x64.Build.0 = Release|x64
		{6E3AA0A1-E029-4F88-B5E2-0A72F8CB0AEF}.Release|x86.ActiveCfg = Release|x86
		{6E3AA0A1-E029-4F88-B5E2-0A72F8CB0AEF}.Release|x86.Build.0 = Release|x86
	EndGlobalSection
	GlobalSection(SolutionProperties) = preSolution
		HideSolutionNode = FALSE
	EndGlobalSection
	GlobalSection(ExtensibilityGlobals) = postSolution
		SolutionGuid = {557083B3-4086-4913-BFFD-E147B65E5F48}
	EndGlobalSection
EndGlobal
